// !$*UTF8*$!
{
	archiveVersion = 1;
	classes = {
	};
	objectVersion = 50;
	objects = {

/* Begin PBXBuildFile section */
		943E07A0244DBE640006A729 /* GLESView.mm in Sources */ = {isa = PBXBuildFile; fileRef = 943E079F244DBE640006A729 /* GLESView.mm */; };
		943E07A6244DC01F0006A729 /* AppDelegate.mm in Sources */ = {isa = PBXBuildFile; fileRef = 943E07A5244DC01F0006A729 /* AppDelegate.mm */; };
		94DA38F72450239C00489A94 /* Sphere.mm in Sources */ = {isa = PBXBuildFile; fileRef = 94DA38F62450239C00489A94 /* Sphere.mm */; };
		94E65E6B244CDC9D006C09FE /* ViewController.m in Sources */ = {isa = PBXBuildFile; fileRef = 94E65E6A244CDC9D006C09FE /* ViewController.m */; };
		94E65E6E244CDC9D006C09FE /* Main.storyboard in Resources */ = {isa = PBXBuildFile; fileRef = 94E65E6C244CDC9D006C09FE /* Main.storyboard */; };
		94E65E70244CDC9E006C09FE /* Assets.xcassets in Resources */ = {isa = PBXBuildFile; fileRef = 94E65E6F244CDC9E006C09FE /* Assets.xcassets */; };
		94E65E73244CDC9E006C09FE /* LaunchScreen.storyboard in Resources */ = {isa = PBXBuildFile; fileRef = 94E65E71244CDC9E006C09FE /* LaunchScreen.storyboard */; };
		94E65E76244CDC9E006C09FE /* main.m in Sources */ = {isa = PBXBuildFile; fileRef = 94E65E75244CDC9E006C09FE /* main.m */; };
		94E65E7E244CDD56006C09FE /* OpenGLES.framework in Frameworks */ = {isa = PBXBuildFile; fileRef = 94E65E7D244CDD56006C09FE /* OpenGLES.framework */; };
/* End PBXBuildFile section */

/* Begin PBXFileReference section */
		943E079F244DBE640006A729 /* GLESView.mm */ = {isa = PBXFileReference; fileEncoding = 4; lastKnownFileType = sourcecode.cpp.objcpp; name = GLESView.mm; path = ../../GLESView.mm; sourceTree = "<group>"; };
		943E07A5244DC01F0006A729 /* AppDelegate.mm */ = {isa = PBXFileReference; fileEncoding = 4; lastKnownFileType = sourcecode.cpp.objcpp; name = AppDelegate.mm; path = ../../AppDelegate.mm; sourceTree = "<group>"; };
		94DA38F52450239C00489A94 /* Sphere.h */ = {isa = PBXFileReference; fileEncoding = 4; lastKnownFileType = sourcecode.c.h; name = Sphere.h; path = ../../Sphere.h; sourceTree = "<group>"; };
		94DA38F62450239C00489A94 /* Sphere.mm */ = {isa = PBXFileReference; fileEncoding = 4; lastKnownFileType = sourcecode.cpp.objcpp; name = Sphere.mm; path = ../../Sphere.mm; sourceTree = "<group>"; };
		94E65E60244CDC9D006C09FE /* Window.app */ = {isa = PBXFileReference; explicitFileType = wrapper.application; includeInIndex = 0; path = Window.app; sourceTree = BUILT_PRODUCTS_DIR; };
		94E65E63244CDC9D006C09FE /* AppDelegate.h */ = {isa = PBXFileReference; lastKnownFileType = sourcecode.c.h; path = AppDelegate.h; sourceTree = "<group>"; };
		94E65E69244CDC9D006C09FE /* ViewController.h */ = {isa = PBXFileReference; lastKnownFileType = sourcecode.c.h; path = ViewController.h; sourceTree = "<group>"; };
		94E65E6A244CDC9D006C09FE /* ViewController.m */ = {isa = PBXFileReference; lastKnownFileType = sourcecode.c.objc; path = ViewController.m; sourceTree = "<group>"; };
		94E65E6D244CDC9D006C09FE /* Base */ = {isa = PBXFileReference; lastKnownFileType = file.storyboard; name = Base; path = Base.lproj/Main.storyboard; sourceTree = "<group>"; };
		94E65E6F244CDC9E006C09FE /* Assets.xcassets */ = {isa = PBXFileReference; lastKnownFileType = folder.assetcatalog; path = Assets.xcassets; sourceTree = "<group>"; };
		94E65E72244CDC9E006C09FE /* Base */ = {isa = PBXFileReference; lastKnownFileType = file.storyboard; name = Base; path = Base.lproj/LaunchScreen.storyboard; sourceTree = "<group>"; };
		94E65E74244CDC9E006C09FE /* Info.plist */ = {isa = PBXFileReference; lastKnownFileType = text.plist.xml; path = Info.plist; sourceTree = "<group>"; };
		94E65E75244CDC9E006C09FE /* main.m */ = {isa = PBXFileReference; lastKnownFileType = sourcecode.c.objc; path = main.m; sourceTree = "<group>"; };
		94E65E7D244CDD56006C09FE /* OpenGLES.framework */ = {isa = PBXFileReference; lastKnownFileType = wrapper.framework; name = OpenGLES.framework; path = System/Library/Frameworks/OpenGLES.framework; sourceTree = SDKROOT; };
		94E7982D244DA90B00A08931 /* GLESView.h */ = {isa = PBXFileReference; fileEncoding = 4; lastKnownFileType = sourcecode.c.h; name = GLESView.h; path = ../../GLESView.h; sourceTree = "<group>"; };
/* End PBXFileReference section */

/* Begin PBXFrameworksBuildPhase section */
		94E65E5D244CDC9D006C09FE /* Frameworks */ = {
			isa = PBXFrameworksBuildPhase;
			buildActionMask = 2147483647;
			files = (
				94E65E7E244CDD56006C09FE /* OpenGLES.framework in Frameworks */,
			);
			runOnlyForDeploymentPostprocessing = 0;
		};
/* End PBXFrameworksBuildPhase section */

/* Begin PBXGroup section */
		94E65E57244CDC9C006C09FE = {
			isa = PBXGroup;
			children = (
				94E65E62244CDC9D006C09FE /* Window */,
				94E65E61244CDC9D006C09FE /* Products */,
				94E65E7C244CDD56006C09FE /* Frameworks */,
			);
			sourceTree = "<group>";
		};
		94E65E61244CDC9D006C09FE /* Products */ = {
			isa = PBXGroup;
			children = (
				94E65E60244CDC9D006C09FE /* Window.app */,
			);
			name = Products;
			sourceTree = "<group>";
		};
		94E65E62244CDC9D006C09FE /* Window */ = {
			isa = PBXGroup;
			children = (
				94DA38F52450239C00489A94 /* Sphere.h */,
				94DA38F62450239C00489A94 /* Sphere.mm */,
				943E07A5244DC01F0006A729 /* AppDelegate.mm */,
				943E079F244DBE640006A729 /* GLESView.mm */,
				94E7982D244DA90B00A08931 /* GLESView.h */,
				94E65E63244CDC9D006C09FE /* AppDelegate.h */,
				94E65E69244CDC9D006C09FE /* ViewController.h */,
				94E65E6A244CDC9D006C09FE /* ViewController.m */,
				94E65E6C244CDC9D006C09FE /* Main.storyboard */,
				94E65E6F244CDC9E006C09FE /* Assets.xcassets */,
				94E65E71244CDC9E006C09FE /* LaunchScreen.storyboard */,
				94E65E74244CDC9E006C09FE /* Info.plist */,
				94E65E75244CDC9E006C09FE /* main.m */,
				94E65E7F244CDE74006C09FE /* Resources */,
			);
			path = Window;
			sourceTree = "<group>";
		};
		94E65E7C244CDD56006C09FE /* Frameworks */ = {
			isa = PBXGroup;
			children = (
				94E65E7D244CDD56006C09FE /* OpenGLES.framework */,
			);
			name = Frameworks;
			sourceTree = "<group>";
		};
		94E65E7F244CDE74006C09FE /* Resources */ = {
			isa = PBXGroup;
			children = (
			);
			path = Resources;
			sourceTree = "<group>";
		};
/* End PBXGroup section */

/* Begin PBXNativeTarget section */
		94E65E5F244CDC9D006C09FE /* Window */ = {
			isa = PBXNativeTarget;
			buildConfigurationList = 94E65E79244CDC9E006C09FE /* Build configuration list for PBXNativeTarget "Window" */;
			buildPhases = (
				94E65E5C244CDC9D006C09FE /* Sources */,
				94E65E5D244CDC9D006C09FE /* Frameworks */,
				94E65E5E244CDC9D006C09FE /* Resources */,
			);
			buildRules = (
			);
			dependencies = (
			);
			name = Window;
			productName = Window;
			productReference = 94E65E60244CDC9D006C09FE /* Window.app */;
			productType = "com.apple.product-type.application";
		};
/* End PBXNativeTarget section */

/* Begin PBXProject section */
		94E65E58244CDC9C006C09FE /* Project object */ = {
			isa = PBXProject;
			attributes = {
				LastUpgradeCheck = 1130;
				ORGANIZATIONNAME = astromedicomp.org;
				TargetAttributes = {
					94E65E5F244CDC9D006C09FE = {
						CreatedOnToolsVersion = 11.3.1;
					};
				};
			};
			buildConfigurationList = 94E65E5B244CDC9C006C09FE /* Build configuration list for PBXProject "Window" */;
			compatibilityVersion = "Xcode 9.3";
			developmentRegion = en;
			hasScannedForEncodings = 0;
			knownRegions = (
				en,
				Base,
			);
			mainGroup = 94E65E57244CDC9C006C09FE;
			productRefGroup = 94E65E61244CDC9D006C09FE /* Products */;
			projectDirPath = "";
			projectRoot = "";
			targets = (
				94E65E5F244CDC9D006C09FE /* Window */,
			);
		};
/* End PBXProject section */

/* Begin PBXResourcesBuildPhase section */
		94E65E5E244CDC9D006C09FE /* Resources */ = {
			isa = PBXResourcesBuildPhase;
			buildActionMask = 2147483647;
			files = (
				94E65E73244CDC9E006C09FE /* LaunchScreen.storyboard in Resources */,
				94E65E70244CDC9E006C09FE /* Assets.xcassets in Resources */,
				94E65E6E244CDC9D006C09FE /* Main.storyboard in Resources */,
			);
			runOnlyForDeploymentPostprocessing = 0;
		};
/* End PBXResourcesBuildPhase section */

/* Begin PBXSourcesBuildPhase section */
		94E65E5C244CDC9D006C09FE /* Sources */ = {
			isa = PBXSourcesBuildPhase;
			buildActionMask = 2147483647;
			files = (
				94E65E6B244CDC9D006C09FE /* ViewController.m in Sources */,
				943E07A0244DBE640006A729 /* GLESView.mm in Sources */,
				943E07A6244DC01F0006A729 /* AppDelegate.mm in Sources */,
				94DA38F72450239C00489A94 /* Sphere.mm in Sources */,
				94E65E76244CDC9E006C09FE /* main.m in Sources */,
			);
			runOnlyForDeploymentPostprocessing = 0;
		};
/* End PBXSourcesBuildPhase section */

/* Begin PBXVariantGroup section */
		94E65E6C244CDC9D006C09FE /* Main.storyboard */ = {
			isa = PBXVariantGroup;
			children = (
				94E65E6D244CDC9D006C09FE /* Base */,
			);
			name = Main.storyboard;
			sourceTree = "<group>";
		};
		94E65E71244CDC9E006C09FE /* LaunchScreen.storyboard */ = {
			isa = PBXVariantGroup;
			children = (
				94E65E72244CDC9E006C09FE /* Base */,
			);
			name = LaunchScreen.storyboard;
			sourceTree = "<group>";
		};
/* End PBXVariantGroup section */

/* Begin XCBuildConfiguration section */
		94E65E77244CDC9E006C09FE /* Debug */ = {
			isa = XCBuildConfiguration;
			buildSettings = {
				ALWAYS_SEARCH_USER_PATHS = NO;
				CLANG_ANALYZER_NONNULL = YES;
				CLANG_ANALYZER_NUMBER_OBJECT_CONVERSION = YES_AGGRESSIVE;
				CLANG_CXX_LANGUAGE_STANDARD = "gnu++14";
				CLANG_CXX_LIBRARY = "libc++";
				CLANG_ENABLE_MODULES = YES;
				CLANG_ENABLE_OBJC_ARC = NO;
				CLANG_ENABLE_OBJC_WEAK = YES;
				CLANG_WARN_BLOCK_CAPTURE_AUTORELEASING = YES;
				CLANG_WARN_BOOL_CONVERSION = YES;
				CLANG_WARN_COMMA = YES;
				CLANG_WARN_CONSTANT_CONVERSION = YES;
				CLANG_WARN_DEPRECATED_OBJC_IMPLEMENTATIONS = YES;
				CLANG_WARN_DIRECT_OBJC_ISA_USAGE = YES_ERROR;
				CLANG_WARN_DOCUMENTATION_COMMENTS = YES;
				CLANG_WARN_EMPTY_BODY = YES;
				CLANG_WARN_ENUM_CONVERSION = YES;
				CLANG_WARN_INFINITE_RECURSION = YES;
				CLANG_WARN_INT_CONVERSION = YES;
				CLANG_WARN_NON_LITERAL_NULL_CONVERSION = YES;
				CLANG_WARN_OBJC_IMPLICIT_RETAIN_SELF = YES;
				CLANG_WARN_OBJC_LITERAL_CONVERSION = YES;
				CLANG_WARN_OBJC_ROOT_CLASS = YES_ERROR;
				CLANG_WARN_RANGE_LOOP_ANALYSIS = YES;
				CLANG_WARN_STRICT_PROTOTYPES = YES;
				CLANG_WARN_SUSPICIOUS_MOVE = YES;
				CLANG_WARN_UNGUARDED_AVAILABILITY = YES_AGGRESSIVE;
				CLANG_WARN_UNREACHABLE_CODE = YES;
				CLANG_WARN__DUPLICATE_METHOD_MATCH = YES;
				COPY_PHASE_STRIP = NO;
				DEBUG_INFORMATION_FORMAT = dwarf;
				ENABLE_STRICT_OBJC_MSGSEND = YES;
				ENABLE_TESTABILITY = YES;
				GCC_C_LANGUAGE_STANDARD = gnu11;
				GCC_DYNAMIC_NO_PIC = NO;
				GCC_NO_COMMON_BLOCKS = YES;
				GCC_OPTIMIZATION_LEVEL = 0;
				GCC_PREPROCESSOR_DEFINITIONS = (
					"DEBUG=1",
					"$(inherited)",
				);
				GCC_WARN_64_TO_32_BIT_CONVERSION = YES;
				GCC_WARN_ABOUT_RETURN_TYPE = YES_ERROR;
				GCC_WARN_UNDECLARED_SELECTOR = YES;
				GCC_WARN_UNINITIALIZED_AUTOS = YES_AGGRESSIVE;
				GCC_WARN_UNUSED_FUNCTION = YES;
				GCC_WARN_UNUSED_VARIABLE = YES;
				IPHONEOS_DEPLOYMENT_TARGET = 13.2;
				MTL_ENABLE_DEBUG_INFO = INCLUDE_SOURCE;
				MTL_FAST_MATH = YES;
				ONLY_ACTIVE_ARCH = YES;
				SDKROOT = iphoneos;
			};
			name = Debug;
		};
		94E65E78244CDC9E006C09FE /* Release */ = {
			isa = XCBuildConfiguration;
			buildSettings = {
				ALWAYS_SEARCH_USER_PATHS = NO;
				CLANG_ANALYZER_NONNULL = YES;
				CLANG_ANALYZER_NUMBER_OBJECT_CONVERSION = YES_AGGRESSIVE;
				CLANG_CXX_LANGUAGE_STANDARD = "gnu++14";
				CLANG_CXX_LIBRARY = "libc++";
				CLANG_ENABLE_MODULES = YES;
				CLANG_ENABLE_OBJC_ARC = NO;
				CLANG_ENABLE_OBJC_WEAK = YES;
				CLANG_WARN_BLOCK_CAPTURE_AUTORELEASING = YES;
				CLANG_WARN_BOOL_CONVERSION = YES;
				CLANG_WARN_COMMA = YES;
				CLANG_WARN_CONSTANT_CONVERSION = YES;
				CLANG_WARN_DEPRECATED_OBJC_IMPLEMENTATIONS = YES;
				CLANG_WARN_DIRECT_OBJC_ISA_USAGE = YES_ERROR;
				CLANG_WARN_DOCUMENTATION_COMMENTS = YES;
				CLANG_WARN_EMPTY_BODY = YES;
				CLANG_WARN_ENUM_CONVERSION = YES;
				CLANG_WARN_INFINITE_RECURSION = YES;
				CLANG_WARN_INT_CONVERSION = YES;
				CLANG_WARN_NON_LITERAL_NULL_CONVERSION = YES;
				CLANG_WARN_OBJC_IMPLICIT_RETAIN_SELF = YES;
				CLANG_WARN_OBJC_LITERAL_CONVERSION = YES;
				CLANG_WARN_OBJC_ROOT_CLASS = YES_ERROR;
				CLANG_WARN_RANGE_LOOP_ANALYSIS = YES;
				CLANG_WARN_STRICT_PROTOTYPES = YES;
				CLANG_WARN_SUSPICIOUS_MOVE = YES;
				CLANG_WARN_UNGUARDED_AVAILABILITY = YES_AGGRESSIVE;
				CLANG_WARN_UNREACHABLE_CODE = YES;
				CLANG_WARN__DUPLICATE_METHOD_MATCH = YES;
				COPY_PHASE_STRIP = NO;
				DEBUG_INFORMATION_FORMAT = "dwarf-with-dsym";
				ENABLE_NS_ASSERTIONS = NO;
				ENABLE_STRICT_OBJC_MSGSEND = YES;
				GCC_C_LANGUAGE_STANDARD = gnu11;
				GCC_NO_COMMON_BLOCKS = YES;
				GCC_WARN_64_TO_32_BIT_CONVERSION = YES;
				GCC_WARN_ABOUT_RETURN_TYPE = YES_ERROR;
				GCC_WARN_UNDECLARED_SELECTOR = YES;
				GCC_WARN_UNINITIALIZED_AUTOS = YES_AGGRESSIVE;
				GCC_WARN_UNUSED_FUNCTION = YES;
				GCC_WARN_UNUSED_VARIABLE = YES;
				IPHONEOS_DEPLOYMENT_TARGET = 13.2;
				MTL_ENABLE_DEBUG_INFO = NO;
				MTL_FAST_MATH = YES;
				SDKROOT = iphoneos;
				VALIDATE_PRODUCT = YES;
			};
			name = Release;
		};
		94E65E7A244CDC9E006C09FE /* Debug */ = {
			isa = XCBuildConfiguration;
			buildSettings = {
				ASSETCATALOG_COMPILER_APPICON_NAME = AppIcon;
				CODE_SIGN_STYLE = Manual;
				DEVELOPMENT_TEAM = "";
				INFOPLIST_FILE = Window/Info.plist;
				IPHONEOS_DEPLOYMENT_TARGET = 11.4;
				LD_RUNPATH_SEARCH_PATHS = (
					"$(inherited)",
					"@executable_path/Frameworks",
				);
				PRODUCT_BUNDLE_IDENTIFIER = astromedicomp.org.Window;
				PRODUCT_NAME = "$(TARGET_NAME)";
				PROVISIONING_PROFILE_SPECIFIER = "";
				TARGETED_DEVICE_FAMILY = 1;
			};
			name = Debug;
		};
		94E65E7B244CDC9E006C09FE /* Release */ = {
			isa = XCBuildConfiguration;
			buildSettings = {
				ASSETCATALOG_COMPILER_APPICON_NAME = AppIcon;
				CODE_SIGN_STYLE = Manual;
				DEVELOPMENT_TEAM = "";
				INFOPLIST_FILE = Window/Info.plist;
				IPHONEOS_DEPLOYMENT_TARGET = 11.4;
				LD_RUNPATH_SEARCH_PATHS = (
					"$(inherited)",
					"@executable_path/Frameworks",
				);
				PRODUCT_BUNDLE_IDENTIFIER = astromedicomp.org.Window;
				PRODUCT_NAME = "$(TARGET_NAME)";
				PROVISIONING_PROFILE_SPECIFIER = "";
				TARGETED_DEVICE_FAMILY = 1;
			};
			name = Release;
		};
/* End XCBuildConfiguration section */

/* Begin XCConfigurationList section */
		94E65E5B244CDC9C006C09FE /* Build configuration list for PBXProject "Window" */ = {
			isa = XCConfigurationList;
			buildConfigurations = (
				94E65E77244CDC9E006C09FE /* Debug */,
				94E65E78244CDC9E006C09FE /* Release */,
			);
			defaultConfigurationIsVisible = 0;
			defaultConfigurationName = Release;
		};
		94E65E79244CDC9E006C09FE /* Build configuration list for PBXNativeTarget "Window" */ = {
			isa = XCConfigurationList;
			buildConfigurations = (
				94E65E7A244CDC9E006C09FE /* Debug */,
				94E65E7B244CDC9E006C09FE /* Release */,
			);
			defaultConfigurationIsVisible = 0;
			defaultConfigurationName = Release;
		};
/* End XCConfigurationList section */
	};
	rootObject = 94E65E58244CDC9C006C09FE /* Project object */;
}
